<?xml version="1.0" encoding="utf-8"?>
<OpenIOC xmlns:xsd="http://www.w3.org/2001/XMLSchema" xmlns:xsi="http://www.w3.org/2001/XMLSchema-instance" id="03923bfb-4842-4a40-9d19-a0a9f050b6af" last-modified="2023-08-09T10:40:52Z" published-date="0001-01-01T00:00:00" xmlns="http://openioc.org/schemas/OpenIOC_1.1">
  <metadata>
    <short_description>ExtPassword (Utility)</short_description>
    <description>ExtPassword! is tool for Windows that allows you to recover passwords stored on external drive plugged to your computer.

Reference:
https://www.nirsoft.net/utils/external_drive_password_recovery.html
https://attack.mitre.org/versions/v13/techniques/T1003/</description>
    <authored_by>dfir-ronin</authored_by>
    <authored_date>2023-08-09T10:40:52Z</authored_date>
    <links />
  </metadata>
  <criteria>
    <Indicator operator="OR" id="9b017301-b723-407c-a00f-4e13b8e6521e">
      <IndicatorItem id="8c5857f9-7df9-4f75-98f0-2682dabaa712" condition="is" preserve-case="false" negate="false">
        <Context document="eventItem" search="eventItem/fileWriteEvent/md5" type="endpoint" />
        <Content type="md5">105b0f5799d0b0675cd52a967b2418e1</Content>
      </IndicatorItem>
      <IndicatorItem id="d45faf33-614e-46ef-adc4-7e84ea922cc4" condition="is" preserve-case="false" negate="false">
        <Context document="eventItem" search="eventItem/fileWriteEvent/fileName" type="endpoint" />
        <Content type="string">extpassword.exe</Content>
      </IndicatorItem>
    </Indicator>
  </criteria>
  <parameters />
</OpenIOC>