<?xml version="1.0" encoding="utf-8"?>
<OpenIOC xmlns:xsd="http://www.w3.org/2001/XMLSchema" xmlns:xsi="http://www.w3.org/2001/XMLSchema-instance" id="b74a88de-3539-47f3-b4db-4774f5add67f" last-modified="2023-05-30T11:53:20Z" published-date="0001-01-01T00:00:00" xmlns="http://openioc.org/schemas/OpenIOC_1.1">
  <metadata>
    <short_description>Potential Credential dumping from Password Stores (Methodology)</short_description>
    <description>Adversaries may search for common password storage locations to obtain user credentials. Passwords are stored in several places on a system, depending on the operating system or application holding the credentials. There are also specific applications that store passwords to make it easier for users manage and maintain. Once credentials are obtained, they can be used to perform lateral movement and access restricted information.

MITRE ATT&amp;CK REFERENCE: https://attack.mitre.org/versions/v13/techniques/T1555/</description>
    <authored_by>dfir-ronin</authored_by>
    <authored_date>2023-05-30T11:38:14Z</authored_date>
    <links />
  </metadata>
  <criteria>
    <Indicator operator="OR" id="42a7577c-d6c2-4757-ae89-1cfc803b2b35">
      <Indicator operator="AND" id="4854ccbe-4826-468e-bc0f-b6a1ce85d9a8">
        <IndicatorItem id="5b9b4439-931d-4b23-a134-f27d9f6def54" condition="is" preserve-case="false" negate="false">
          <Context document="eventItem" search="eventItem/processEvent/process" type="endpoint" />
          <Content type="string">cmd.exe</Content>
        </IndicatorItem>
        <IndicatorItem id="7c91f703-efb2-444c-adfb-a10347dd3c0b" condition="contains" preserve-case="false" negate="false">
          <Context document="eventItem" search="eventItem/processEvent/processCmdLine" type="endpoint" />
          <Content type="string">dir</Content>
        </IndicatorItem>
        <Indicator operator="OR" id="fd0a4add-afea-47a3-a192-e23400cdaca7">
          <IndicatorItem id="ffedf0bd-4cff-4076-ba5d-66cbb244e610" condition="contains" preserve-case="false" negate="false">
            <Context document="eventItem" search="eventItem/processEvent/processCmdLine" type="endpoint" />
            <Content type="string">.ssh\known_hosts</Content>
          </IndicatorItem>
          <IndicatorItem id="0eb78f3e-2db1-4fac-b1c4-d110477e02bd" condition="contains" preserve-case="false" negate="false">
            <Context document="eventItem" search="eventItem/processEvent/processCmdLine" type="endpoint" />
            <Content type="string">appdata\roaming\Mozilla\firefox\profiles</Content>
          </IndicatorItem>
        </Indicator>
      </Indicator>
      <Indicator operator="AND" id="a4915cc4-2eba-43f5-bdcb-0c20ae84f82e">
        <IndicatorItem id="0bf9da9d-0978-4782-898c-4166e2fbf1e3" condition="is" preserve-case="false" negate="false">
          <Context document="eventItem" search="eventItem/processEvent/process" type="endpoint" />
          <Content type="string">cmd.exe</Content>
        </IndicatorItem>
        <IndicatorItem id="c2dedeec-5bf3-4fa7-9b92-2db3a97a29fe" condition="contains" preserve-case="false" negate="false">
          <Context document="eventItem" search="eventItem/processEvent/processCmdLine" type="endpoint" />
          <Content type="string">reg query</Content>
        </IndicatorItem>
        <Indicator operator="OR" id="3b66b874-f10a-4dca-878c-1d9c049e0720">
          <IndicatorItem id="a1b6da37-8169-425e-a6fd-a54475a051a4" condition="contains" preserve-case="false" negate="false">
            <Context document="eventItem" search="eventItem/processEvent/processCmdLine" type="endpoint" />
            <Content type="string">\software\OpenSSH</Content>
          </IndicatorItem>
          <IndicatorItem id="da95305f-4be5-4e16-bf23-de04c0aaf62e" condition="contains" preserve-case="false" negate="false">
            <Context document="eventItem" search="eventItem/processEvent/processCmdLine" type="endpoint" />
            <Content type="string">\software\realvnc</Content>
          </IndicatorItem>
          <IndicatorItem id="0de0397b-9131-4b66-a9b3-403c2cc7bcaa" condition="contains" preserve-case="false" negate="false">
            <Context document="eventItem" search="eventItem/processEvent/processCmdLine" type="endpoint" />
            <Content type="string">\putty\session</Content>
          </IndicatorItem>
        </Indicator>
      </Indicator>
    </Indicator>
  </criteria>
  <parameters />
</OpenIOC>