<?xml version="1.0" encoding="utf-8"?>
<OpenIOC xmlns:xsd="http://www.w3.org/2001/XMLSchema" xmlns:xsi="http://www.w3.org/2001/XMLSchema-instance" id="7056dcfe-06f5-4986-bbf6-6b0cf6b85a74" last-modified="2023-10-03T09:44:00Z" published-date="0001-01-01T00:00:00" xmlns="http://openioc.org/schemas/OpenIOC_1.1">
  <metadata>
    <short_description>Secretsdump.py (Utility)</short_description>
    <description>This is part of Impacket utility suit that performs various techniques to dump secrets from the remote machine without executing any agent there.

Reference: 
https://attack.mitre.org/techniques/T1003/
https://github.com/fortra/impacket/</description>
    <authored_by>dfir-ronin</authored_by>
    <authored_date>2023-10-03T09:44:00Z</authored_date>
    <links />
  </metadata>
  <criteria>
    <Indicator operator="OR" id="76359cc1-19f6-4462-90b9-165d09713780">
      <IndicatorItem id="aa3639ac-0ead-4bd2-902f-c86a254a6606" condition="matches" preserve-case="false" negate="false">
        <Context document="eventItem" search="eventItem/fileWriteEvent/fullPath" type="endpoint" />
        <Content type="string">^C:\\Windows\\System32\\[a-zA-Z]{8}\.tmp$</Content>
      </IndicatorItem>
      <IndicatorItem id="db85aac5-c014-4b22-9855-b3be940418d8" condition="matches" preserve-case="false" negate="false">
        <Context document="eventItem" search="eventItem/fileWriteEvent/fullPath" type="endpoint" />
        <Content type="string">^C:\\Windows\\Temp\\[a-zA-Z]{8}\.tmp$</Content>
      </IndicatorItem>
      <IndicatorItem id="f196b606-4b07-41ed-85fe-fd22e1a8c6de" condition="contains" preserve-case="false" negate="false">
        <Context document="eventItem" search="eventItem/processEvent/processCmdLine" type="endpoint" />
        <Content type="string">-use-vss</Content>
      </IndicatorItem>
      <IndicatorItem id="4862f04c-7549-4415-b628-4172500eabe7" condition="contains" preserve-case="false" negate="false">
        <Context document="eventItem" search="eventItem/processEvent/processCmdLine" type="endpoint" />
        <Content type="string">-use-keylist</Content>
      </IndicatorItem>
      <IndicatorItem id="d8e1458f-8113-4585-8171-e1fdb5a87bc7" condition="contains" preserve-case="false" negate="false">
        <Context document="eventItem" search="eventItem/processEvent/processCmdLine" type="endpoint" />
        <Content type="string">-just-dc</Content>
      </IndicatorItem>
      <IndicatorItem id="00192640-a4ce-41e1-a91c-73df768e12a0" condition="contains" preserve-case="false" negate="false">
        <Context document="eventItem" search="eventItem/processEvent/processCmdLine" type="endpoint" />
        <Content type="string">-rodcKey</Content>
      </IndicatorItem>
      <Indicator operator="AND" id="28153cea-2147-4b75-8d78-097c86b085d6">
        <IndicatorItem id="df958304-bfdc-4e3d-b0b8-69c2e1882ee6" condition="contains" preserve-case="false" negate="false">
          <Context document="eventItem" search="eventItem/processEvent/processCmdLine" type="endpoint" />
          <Content type="string">-exec-method</Content>
        </IndicatorItem>
        <Indicator operator="OR" id="e08b10ce-4207-4189-b238-fd9de1181a6a">
          <IndicatorItem id="6302b9ad-a5c3-4db1-a1a5-f9190fb76e04" condition="contains" preserve-case="false" negate="false">
            <Context document="eventItem" search="eventItem/processEvent/processCmdLine" type="endpoint" />
            <Content type="string">smbexec</Content>
          </IndicatorItem>
          <IndicatorItem id="275eae89-9aec-491d-85ec-7e805c461557" condition="contains" preserve-case="false" negate="false">
            <Context document="eventItem" search="eventItem/processEvent/processCmdLine" type="endpoint" />
            <Content type="string">wmiexec</Content>
          </IndicatorItem>
          <IndicatorItem id="9480e730-20db-457f-bbcb-0587a0e193ba" condition="contains" preserve-case="false" negate="false">
            <Context document="eventItem" search="eventItem/processEvent/processCmdLine" type="endpoint" />
            <Content type="string">mmcexec</Content>
          </IndicatorItem>
        </Indicator>
      </Indicator>
    </Indicator>
  </criteria>
  <parameters />
</OpenIOC>